
Microsoft Visual Studio Solution File, Format Version 12.00
# Visual Studio Version 17
VisualStudioVersion = 17.2.32526.322
MinimumVisualStudioVersion = 10.0.40219.1
Project("{2150E333-8FDC-42A3-9474-1A3956D46DE8}") = "src", "src", "{A1B070E3-C53D-4F34-A3B9-54810C4EAF0F}"
EndProject
Project("{FAE04EC0-301F-11D3-BF4B-00C04F79EFBC}") = "RLH.ConsoleMenus", "src\RLH.ConsoleMenus\RLH.ConsoleMenus.csproj", "{21D0BAF2-BA5E-4520-9D1E-EACF78C63217}"
EndProject
Global
	GlobalSection(SolutionConfigurationPlatforms) = preSolution
		Debug|Any CPU = Debug|Any CPU
		Release|Any CPU = Release|Any CPU
	EndGlobalSection
	GlobalSection(ProjectConfigurationPlatforms) = postSolution
		{21D0BAF2-BA5E-4520-9D1E-EACF78C63217}.Debug|Any CPU.ActiveCfg = Debug|Any CPU
		{21D0BAF2-BA5E-4520-9D1E-EACF78C63217}.Debug|Any CPU.Build.0 = Debug|Any CPU
		{21D0BAF2-BA5E-4520-9D1E-EACF78C63217}.Release|Any CPU.ActiveCfg = Release|Any CPU
		{21D0BAF2-BA5E-4520-9D1E-EACF78C63217}.Release|Any CPU.Build.0 = Release|Any CPU
	EndGlobalSection
	GlobalSection(SolutionProperties) = preSolution
		HideSolutionNode = FALSE
	EndGlobalSection
	GlobalSection(NestedProjects) = preSolution
		{21D0BAF2-BA5E-4520-9D1E-EACF78C63217} = {A1B070E3-C53D-4F34-A3B9-54810C4EAF0F}
	EndGlobalSection
	GlobalSection(ExtensibilityGlobals) = postSolution
		SolutionGuid = {371E21EA-985A-4B0F-A029-EEFE216E2B24}
	EndGlobalSection
EndGlobal
